// !$*UTF8*$!
{
	archiveVersion = 1;
	classes = {
	};
	objectVersion = 50;
	objects = {

/* Begin PBXBuildFile section */
		8DAC24B628ED9125000AE97C /* AppDelegate.swift in Sources */ = {isa = PBXBuildFile; fileRef = 8DAC24B528ED9125000AE97C /* AppDelegate.swift */; };
		8DAC24B828ED9125000AE97C /* WeatherViewController.swift in Sources */ = {isa = PBXBuildFile; fileRef = 8DAC24B728ED9125000AE97C /* WeatherViewController.swift */; };
		8DAC24BD28ED9127000AE97C /* Assets.xcassets in Resources */ = {isa = PBXBuildFile; fileRef = 8DAC24BC28ED9127000AE97C /* Assets.xcassets */; };
		8DAC24C028ED9127000AE97C /* LaunchScreen.storyboard in Resources */ = {isa = PBXBuildFile; fileRef = 8DAC24BE28ED9127000AE97C /* LaunchScreen.storyboard */; };
		8DBFEA7029056DC000BD3469 /* WeatherModel.swift in Sources */ = {isa = PBXBuildFile; fileRef = 8DBFEA6F29056DC000BD3469 /* WeatherModel.swift */; };
		8DBFEA74290570C500BD3469 /* HourlyCollectionViewCell.swift in Sources */ = {isa = PBXBuildFile; fileRef = 8DBFEA73290570C500BD3469 /* HourlyCollectionViewCell.swift */; };
		8DBFEA76290570F300BD3469 /* DailyTableViewCell.swift in Sources */ = {isa = PBXBuildFile; fileRef = 8DBFEA75290570F300BD3469 /* DailyTableViewCell.swift */; };
/* End PBXBuildFile section */

/* Begin PBXFileReference section */
		8DAC24B228ED9125000AE97C /* weatherApp.app */ = {isa = PBXFileReference; explicitFileType = wrapper.application; includeInIndex = 0; path = weatherApp.app; sourceTree = BUILT_PRODUCTS_DIR; };
		8DAC24B528ED9125000AE97C /* AppDelegate.swift */ = {isa = PBXFileReference; lastKnownFileType = sourcecode.swift; path = AppDelegate.swift; sourceTree = "<group>"; };
		8DAC24B728ED9125000AE97C /* WeatherViewController.swift */ = {isa = PBXFileReference; lastKnownFileType = sourcecode.swift; path = WeatherViewController.swift; sourceTree = "<group>"; };
		8DAC24BC28ED9127000AE97C /* Assets.xcassets */ = {isa = PBXFileReference; lastKnownFileType = folder.assetcatalog; path = Assets.xcassets; sourceTree = "<group>"; };
		8DAC24BF28ED9127000AE97C /* Base */ = {isa = PBXFileReference; lastKnownFileType = file.storyboard; name = Base; path = Base.lproj/LaunchScreen.storyboard; sourceTree = "<group>"; };
		8DAC24C128ED9127000AE97C /* Info.plist */ = {isa = PBXFileReference; lastKnownFileType = text.plist.xml; path = Info.plist; sourceTree = "<group>"; };
		8DBFEA6F29056DC000BD3469 /* WeatherModel.swift */ = {isa = PBXFileReference; lastKnownFileType = sourcecode.swift; path = WeatherModel.swift; sourceTree = "<group>"; };
		8DBFEA73290570C500BD3469 /* HourlyCollectionViewCell.swift */ = {isa = PBXFileReference; lastKnownFileType = sourcecode.swift; path = HourlyCollectionViewCell.swift; sourceTree = "<group>"; };
		8DBFEA75290570F300BD3469 /* DailyTableViewCell.swift */ = {isa = PBXFileReference; lastKnownFileType = sourcecode.swift; path = DailyTableViewCell.swift; sourceTree = "<group>"; };
/* End PBXFileReference section */

/* Begin PBXFrameworksBuildPhase section */
		8DAC24AF28ED9125000AE97C /* Frameworks */ = {
			isa = PBXFrameworksBuildPhase;
			buildActionMask = 2147483647;
			files = (
			);
			runOnlyForDeploymentPostprocessing = 0;
		};
/* End PBXFrameworksBuildPhase section */

/* Begin PBXGroup section */
		8DAC24A928ED9125000AE97C = {
			isa = PBXGroup;
			children = (
				8DAC24B428ED9125000AE97C /* weatherApp */,
				8DAC24B328ED9125000AE97C /* Products */,
			);
			sourceTree = "<group>";
		};
		8DAC24B328ED9125000AE97C /* Products */ = {
			isa = PBXGroup;
			children = (
				8DAC24B228ED9125000AE97C /* weatherApp.app */,
			);
			name = Products;
			sourceTree = "<group>";
		};
		8DAC24B428ED9125000AE97C /* weatherApp */ = {
			isa = PBXGroup;
			children = (
				8DAC24B528ED9125000AE97C /* AppDelegate.swift */,
				8DAC24B728ED9125000AE97C /* WeatherViewController.swift */,
				8DBFEA722905708300BD3469 /* HourlyCollectionCell */,
				8DBFEA712905705D00BD3469 /* DailyWeatherCell */,
				8DAC24C928ED9671000AE97C /* SupportingFiles */,
				8DBFEA6F29056DC000BD3469 /* WeatherModel.swift */,
			);
			path = weatherApp;
			sourceTree = "<group>";
		};
		8DAC24C928ED9671000AE97C /* SupportingFiles */ = {
			isa = PBXGroup;
			children = (
				8DAC24BC28ED9127000AE97C /* Assets.xcassets */,
				8DAC24BE28ED9127000AE97C /* LaunchScreen.storyboard */,
				8DAC24C128ED9127000AE97C /* Info.plist */,
			);
			path = SupportingFiles;
			sourceTree = "<group>";
		};
		8DBFEA712905705D00BD3469 /* DailyWeatherCell */ = {
			isa = PBXGroup;
			children = (
				8DBFEA75290570F300BD3469 /* DailyTableViewCell.swift */,
			);
			path = DailyWeatherCell;
			sourceTree = "<group>";
		};
		8DBFEA722905708300BD3469 /* HourlyCollectionCell */ = {
			isa = PBXGroup;
			children = (
				8DBFEA73290570C500BD3469 /* HourlyCollectionViewCell.swift */,
			);
			path = HourlyCollectionCell;
			sourceTree = "<group>";
		};
/* End PBXGroup section */

/* Begin PBXNativeTarget section */
		8DAC24B128ED9125000AE97C /* weatherApp */ = {
			isa = PBXNativeTarget;
			buildConfigurationList = 8DAC24C428ED9127000AE97C /* Build configuration list for PBXNativeTarget "weatherApp" */;
			buildPhases = (
				8DAC24AE28ED9125000AE97C /* Sources */,
				8DAC24AF28ED9125000AE97C /* Frameworks */,
				8DAC24B028ED9125000AE97C /* Resources */,
			);
			buildRules = (
			);
			dependencies = (
			);
			name = weatherApp;
			productName = weatherApp;
			productReference = 8DAC24B228ED9125000AE97C /* weatherApp.app */;
			productType = "com.apple.product-type.application";
		};
/* End PBXNativeTarget section */

/* Begin PBXProject section */
		8DAC24AA28ED9125000AE97C /* Project object */ = {
			isa = PBXProject;
			attributes = {
				LastSwiftUpdateCheck = 1010;
				LastUpgradeCheck = 1010;
				ORGANIZATIONNAME = "Андрей Антонов";
				TargetAttributes = {
					8DAC24B128ED9125000AE97C = {
						CreatedOnToolsVersion = 10.1;
					};
				};
			};
			buildConfigurationList = 8DAC24AD28ED9125000AE97C /* Build configuration list for PBXProject "weatherApp" */;
			compatibilityVersion = "Xcode 9.3";
			developmentRegion = en;
			hasScannedForEncodings = 0;
			knownRegions = (
				en,
				Base,
			);
			mainGroup = 8DAC24A928ED9125000AE97C;
			productRefGroup = 8DAC24B328ED9125000AE97C /* Products */;
			projectDirPath = "";
			projectRoot = "";
			targets = (
				8DAC24B128ED9125000AE97C /* weatherApp */,
			);
		};
/* End PBXProject section */

/* Begin PBXResourcesBuildPhase section */
		8DAC24B028ED9125000AE97C /* Resources */ = {
			isa = PBXResourcesBuildPhase;
			buildActionMask = 2147483647;
			files = (
				8DAC24C028ED9127000AE97C /* LaunchScreen.storyboard in Resources */,
				8DAC24BD28ED9127000AE97C /* Assets.xcassets in Resources */,
			);
			runOnlyForDeploymentPostprocessing = 0;
		};
/* End PBXResourcesBuildPhase section */

/* Begin PBXSourcesBuildPhase section */
		8DAC24AE28ED9125000AE97C /* Sources */ = {
			isa = PBXSourcesBuildPhase;
			buildActionMask = 2147483647;
			files = (
				8DAC24B828ED9125000AE97C /* WeatherViewController.swift in Sources */,
				8DBFEA76290570F300BD3469 /* DailyTableViewCell.swift in Sources */,
				8DBFEA7029056DC000BD3469 /* WeatherModel.swift in Sources */,
				8DAC24B628ED9125000AE97C /* AppDelegate.swift in Sources */,
				8DBFEA74290570C500BD3469 /* HourlyCollectionViewCell.swift in Sources */,
			);
			runOnlyForDeploymentPostprocessing = 0;
		};
/* End PBXSourcesBuildPhase section */

/* Begin PBXVariantGroup section */
		8DAC24BE28ED9127000AE97C /* LaunchScreen.storyboard */ = {
			isa = PBXVariantGroup;
			children = (
				8DAC24BF28ED9127000AE97C /* Base */,
			);
			name = LaunchScreen.storyboard;
			sourceTree = "<group>";
		};
/* End PBXVariantGroup section */

/* Begin XCBuildConfiguration section */
		8DAC24C228ED9127000AE97C /* Debug */ = {
			isa = XCBuildConfiguration;
			buildSettings = {
				ALWAYS_SEARCH_USER_PATHS = NO;
				CLANG_ANALYZER_NONNULL = YES;
				CLANG_ANALYZER_NUMBER_OBJECT_CONVERSION = YES_AGGRESSIVE;
				CLANG_CXX_LANGUAGE_STANDARD = "gnu++14";
				CLANG_CXX_LIBRARY = "libc++";
				CLANG_ENABLE_MODULES = YES;
				CLANG_ENABLE_OBJC_ARC = YES;
				CLANG_ENABLE_OBJC_WEAK = YES;
				CLANG_WARN_BLOCK_CAPTURE_AUTORELEASING = YES;
				CLANG_WARN_BOOL_CONVERSION = YES;
				CLANG_WARN_COMMA = YES;
				CLANG_WARN_CONSTANT_CONVERSION = YES;
				CLANG_WARN_DEPRECATED_OBJC_IMPLEMENTATIONS = YES;
				CLANG_WARN_DIRECT_OBJC_ISA_USAGE = YES_ERROR;
				CLANG_WARN_DOCUMENTATION_COMMENTS = YES;
				CLANG_WARN_EMPTY_BODY = YES;
				CLANG_WARN_ENUM_CONVERSION = YES;
				CLANG_WARN_INFINITE_RECURSION = YES;
				CLANG_WARN_INT_CONVERSION = YES;
				CLANG_WARN_NON_LITERAL_NULL_CONVERSION = YES;
				CLANG_WARN_OBJC_IMPLICIT_RETAIN_SELF = YES;
				CLANG_WARN_OBJC_LITERAL_CONVERSION = YES;
				CLANG_WARN_OBJC_ROOT_CLASS = YES_ERROR;
				CLANG_WARN_RANGE_LOOP_ANALYSIS = YES;
				CLANG_WARN_STRICT_PROTOTYPES = YES;
				CLANG_WARN_SUSPICIOUS_MOVE = YES;
				CLANG_WARN_UNGUARDED_AVAILABILITY = YES_AGGRESSIVE;
				CLANG_WARN_UNREACHABLE_CODE = YES;
				CLANG_WARN__DUPLICATE_METHOD_MATCH = YES;
				CODE_SIGN_IDENTITY = "iPhone Developer";
				COPY_PHASE_STRIP = NO;
				DEBUG_INFORMATION_FORMAT = dwarf;
				ENABLE_STRICT_OBJC_MSGSEND = YES;
				ENABLE_TESTABILITY = YES;
				GCC_C_LANGUAGE_STANDARD = gnu11;
				GCC_DYNAMIC_NO_PIC = NO;
				GCC_NO_COMMON_BLOCKS = YES;
				GCC_OPTIMIZATION_LEVEL = 0;
				GCC_PREPROCESSOR_DEFINITIONS = (
					"DEBUG=1",
					"$(inherited)",
				);
				GCC_WARN_64_TO_32_BIT_CONVERSION = YES;
				GCC_WARN_ABOUT_RETURN_TYPE = YES_ERROR;
				GCC_WARN_UNDECLARED_SELECTOR = YES;
				GCC_WARN_UNINITIALIZED_AUTOS = YES_AGGRESSIVE;
				GCC_WARN_UNUSED_FUNCTION = YES;
				GCC_WARN_UNUSED_VARIABLE = YES;
				IPHONEOS_DEPLOYMENT_TARGET = 12.1;
				MTL_ENABLE_DEBUG_INFO = INCLUDE_SOURCE;
				MTL_FAST_MATH = YES;
				ONLY_ACTIVE_ARCH = YES;
				SDKROOT = iphoneos;
				SWIFT_ACTIVE_COMPILATION_CONDITIONS = DEBUG;
				SWIFT_OPTIMIZATION_LEVEL = "-Onone";
			};
			name = Debug;
		};
		8DAC24C328ED9127000AE97C /* Release */ = {
			isa = XCBuildConfiguration;
			buildSettings = {
				ALWAYS_SEARCH_USER_PATHS = NO;
				CLANG_ANALYZER_NONNULL = YES;
				CLANG_ANALYZER_NUMBER_OBJECT_CONVERSION = YES_AGGRESSIVE;
				CLANG_CXX_LANGUAGE_STANDARD = "gnu++14";
				CLANG_CXX_LIBRARY = "libc++";
				CLANG_ENABLE_MODULES = YES;
				CLANG_ENABLE_OBJC_ARC = YES;
				CLANG_ENABLE_OBJC_WEAK = YES;
				CLANG_WARN_BLOCK_CAPTURE_AUTORELEASING = YES;
				CLANG_WARN_BOOL_CONVERSION = YES;
				CLANG_WARN_COMMA = YES;
				CLANG_WARN_CONSTANT_CONVERSION = YES;
				CLANG_WARN_DEPRECATED_OBJC_IMPLEMENTATIONS = YES;
				CLANG_WARN_DIRECT_OBJC_ISA_USAGE = YES_ERROR;
				CLANG_WARN_DOCUMENTATION_COMMENTS = YES;
				CLANG_WARN_EMPTY_BODY = YES;
				CLANG_WARN_ENUM_CONVERSION = YES;
				CLANG_WARN_INFINITE_RECURSION = YES;
				CLANG_WARN_INT_CONVERSION = YES;
				CLANG_WARN_NON_LITERAL_NULL_CONVERSION = YES;
				CLANG_WARN_OBJC_IMPLICIT_RETAIN_SELF = YES;
				CLANG_WARN_OBJC_LITERAL_CONVERSION = YES;
				CLANG_WARN_OBJC_ROOT_CLASS = YES_ERROR;
				CLANG_WARN_RANGE_LOOP_ANALYSIS = YES;
				CLANG_WARN_STRICT_PROTOTYPES = YES;
				CLANG_WARN_SUSPICIOUS_MOVE = YES;
				CLANG_WARN_UNGUARDED_AVAILABILITY = YES_AGGRESSIVE;
				CLANG_WARN_UNREACHABLE_CODE = YES;
				CLANG_WARN__DUPLICATE_METHOD_MATCH = YES;
				CODE_SIGN_IDENTITY = "iPhone Developer";
				COPY_PHASE_STRIP = NO;
				DEBUG_INFORMATION_FORMAT = "dwarf-with-dsym";
				ENABLE_NS_ASSERTIONS = NO;
				ENABLE_STRICT_OBJC_MSGSEND = YES;
				GCC_C_LANGUAGE_STANDARD = gnu11;
				GCC_NO_COMMON_BLOCKS = YES;
				GCC_WARN_64_TO_32_BIT_CONVERSION = YES;
				GCC_WARN_ABOUT_RETURN_TYPE = YES_ERROR;
				GCC_WARN_UNDECLARED_SELECTOR = YES;
				GCC_WARN_UNINITIALIZED_AUTOS = YES_AGGRESSIVE;
				GCC_WARN_UNUSED_FUNCTION = YES;
				GCC_WARN_UNUSED_VARIABLE = YES;
				IPHONEOS_DEPLOYMENT_TARGET = 12.1;
				MTL_ENABLE_DEBUG_INFO = NO;
				MTL_FAST_MATH = YES;
				SDKROOT = iphoneos;
				SWIFT_COMPILATION_MODE = wholemodule;
				SWIFT_OPTIMIZATION_LEVEL = "-O";
				VALIDATE_PRODUCT = YES;
			};
			name = Release;
		};
		8DAC24C528ED9127000AE97C /* Debug */ = {
			isa = XCBuildConfiguration;
			buildSettings = {
				ASSETCATALOG_COMPILER_APPICON_NAME = AppIcon;
				CODE_SIGN_STYLE = Automatic;
				DEVELOPMENT_TEAM = M75JTAY747;
				INFOPLIST_FILE = weatherApp/SupportingFiles/Info.plist;
				LD_RUNPATH_SEARCH_PATHS = (
					"$(inherited)",
					"@executable_path/Frameworks",
				);
				PRODUCT_BUNDLE_IDENTIFIER = AndreyAntonov.weatherApp;
				PRODUCT_NAME = "$(TARGET_NAME)";
				SWIFT_VERSION = 4.2;
				TARGETED_DEVICE_FAMILY = "1,2";
			};
			name = Debug;
		};
		8DAC24C628ED9127000AE97C /* Release */ = {
			isa = XCBuildConfiguration;
			buildSettings = {
				ASSETCATALOG_COMPILER_APPICON_NAME = AppIcon;
				CODE_SIGN_STYLE = Automatic;
				DEVELOPMENT_TEAM = M75JTAY747;
				INFOPLIST_FILE = weatherApp/SupportingFiles/Info.plist;
				LD_RUNPATH_SEARCH_PATHS = (
					"$(inherited)",
					"@executable_path/Frameworks",
				);
				PRODUCT_BUNDLE_IDENTIFIER = AndreyAntonov.weatherApp;
				PRODUCT_NAME = "$(TARGET_NAME)";
				SWIFT_VERSION = 4.2;
				TARGETED_DEVICE_FAMILY = "1,2";
			};
			name = Release;
		};
/* End XCBuildConfiguration section */

/* Begin XCConfigurationList section */
		8DAC24AD28ED9125000AE97C /* Build configuration list for PBXProject "weatherApp" */ = {
			isa = XCConfigurationList;
			buildConfigurations = (
				8DAC24C228ED9127000AE97C /* Debug */,
				8DAC24C328ED9127000AE97C /* Release */,
			);
			defaultConfigurationIsVisible = 0;
			defaultConfigurationName = Release;
		};
		8DAC24C428ED9127000AE97C /* Build configuration list for PBXNativeTarget "weatherApp" */ = {
			isa = XCConfigurationList;
			buildConfigurations = (
				8DAC24C528ED9127000AE97C /* Debug */,
				8DAC24C628ED9127000AE97C /* Release */,
			);
			defaultConfigurationIsVisible = 0;
			defaultConfigurationName = Release;
		};
/* End XCConfigurationList section */
	};
	rootObject = 8DAC24AA28ED9125000AE97C /* Project object */;
}
